
Microsoft Visual Studio Solution File, Format Version 12.00
# Visual Studio Version 17
VisualStudioVersion = 17.14.37111.16 d17.14
MinimumVisualStudioVersion = 10.0.40219.1
Project("{FAE04EC0-301F-11D3-BF4B-00C04F79EFBC}") = "SevenCuts", "SevenCuts.csproj", "{D5DAE207-A2B4-7BA4-92A5-D9BD1EF4159B}"
EndProject
Global
	GlobalSection(SolutionConfigurationPlatforms) = preSolution
		Debug|Any CPU = Debug|Any CPU
		Release|Any CPU = Release|Any CPU
	EndGlobalSection
	GlobalSection(ProjectConfigurationPlatforms) = postSolution
		{D5DAE207-A2B4-7BA4-92A5-D9BD1EF4159B}.Debug|Any CPU.ActiveCfg = Debug|Any CPU
		{D5DAE207-A2B4-7BA4-92A5-D9BD1EF4159B}.Debug|Any CPU.Build.0 = Debug|Any CPU
		{D5DAE207-A2B4-7BA4-92A5-D9BD1EF4159B}.Release|Any CPU.ActiveCfg = Release|Any CPU
		{D5DAE207-A2B4-7BA4-92A5-D9BD1EF4159B}.Release|Any CPU.Build.0 = Release|Any CPU
	EndGlobalSection
	GlobalSection(SolutionProperties) = preSolution
		HideSolutionNode = FALSE
	EndGlobalSection
	GlobalSection(ExtensibilityGlobals) = postSolution
		SolutionGuid = {CB67DCA8-62C3-43B6-B6A3-8CABFE0A5F08}
	EndGlobalSection
EndGlobal
